github.com/gorilla/mux v1.8.0 h1:i40aqfkR1h2SlN9hojwV5ZA91wcXFOvkdNIeFDP5koI=
github.com/gorilla/mux v1.8.0/go.mod h1:DVbg23sWSpFRCP0SfiEN6jmj59UnW/n46BH5rLB71So=
github.com/ldej/go-acapy-client v0.0.0-20210202110427-e213f8e75efc h1:Mi4E200jFDLQIQVKcjB1xz/9QAjlp6RepvpdjUiM6rg=
github.com/ldej/go-acapy-client v0.0.0-20210202110427-e213f8e75efc/go.mod h1:5/vJpZIWnPoy/tMTg8eSmkysNQTTHZHywBl6vrfyijQ=
github.com/ldej/go-acapy-client v0.0.0-20210203113947-c1796b0f2c1b h1:w9Qq3CVfVoP3Ih+eA4WzFRPhdJ2PedFEbP9Xe/SZWYQ=
github.com/ldej/go-acapy-client v0.0.0-20210203113947-c1796b0f2c1b/go.mod h1:5/vJpZIWnPoy/tMTg8eSmkysNQTTHZHywBl6vrfyijQ=
github.com/skip2/go-qrcode v0.0.0-20200617195104-da1b6568686e h1:MRM5ITcdelLK2j1vwZ3Je0FKVCfqOLp5zO6trqMLYs0=
github.com/skip2/go-qrcode v0.0.0-20200617195104-da1b6568686e/go.mod h1:XV66xRDqSt+GTGFMVlhk3ULuV0y9ZmzeVGR4mloJI3M=
